
Microsoft Visual Studio Solution File, Format Version 12.00
# Visual Studio Version 17
VisualStudioVersion = 17.1.31903.286
MinimumVisualStudioVersion = 10.0.40219.1
Project("{FAE04EC0-301F-11D3-BF4B-00C04F79EFBC}") = "HospitalManagement", "HospitalManagement\HospitalManagement.csproj", "{DAA37446-43C8-4D59-BAF6-807612C349F2}"
EndProject
Global
	GlobalSection(SolutionConfigurationPlatforms) = preSolution
		Debug|Any CPU = Debug|Any CPU
		Release|Any CPU = Release|Any CPU
	EndGlobalSection
	GlobalSection(ProjectConfigurationPlatforms) = postSolution
		{DAA37446-43C8-4D59-BAF6-807612C349F2}.Debug|Any CPU.ActiveCfg = Debug|Any CPU
		{DAA37446-43C8-4D59-BAF6-807612C349F2}.Debug|Any CPU.Build.0 = Debug|Any CPU
		{DAA37446-43C8-4D59-BAF6-807612C349F2}.Release|Any CPU.ActiveCfg = Release|Any CPU
		{DAA37446-43C8-4D59-BAF6-807612C349F2}.Release|Any CPU.Build.0 = Release|Any CPU
	EndGlobalSection
	GlobalSection(SolutionProperties) = preSolution
		HideSolutionNode = FALSE
	EndGlobalSection
	GlobalSection(ExtensibilityGlobals) = postSolution
		SolutionGuid = {0D296365-8E36-4AAE-9948-C970807C06BB}
	EndGlobalSection
EndGlobal
